
Microsoft Visual Studio Solution File, Format Version 12.00
# Visual Studio Version 16
VisualStudioVersion = 16.0.31005.135
MinimumVisualStudioVersion = 10.0.40219.1
Project("{9A19103F-16F7-4668-BE54-9A1E7A4F7556}") = "SmartSchool.API", "SmartSchool.API\SmartSchool.API.csproj", "{82931E84-6BB0-4765-B714-4D28C0373C58}"
EndProject
Global
	GlobalSection(SolutionConfigurationPlatforms) = preSolution
		Debug|Any CPU = Debug|Any CPU
		Release|Any CPU = Release|Any CPU
	EndGlobalSection
	GlobalSection(ProjectConfigurationPlatforms) = postSolution
		{82931E84-6BB0-4765-B714-4D28C0373C58}.Debug|Any CPU.ActiveCfg = Debug|Any CPU
		{82931E84-6BB0-4765-B714-4D28C0373C58}.Debug|Any CPU.Build.0 = Debug|Any CPU
		{82931E84-6BB0-4765-B714-4D28C0373C58}.Release|Any CPU.ActiveCfg = Release|Any CPU
		{82931E84-6BB0-4765-B714-4D28C0373C58}.Release|Any CPU.Build.0 = Release|Any CPU
	EndGlobalSection
	GlobalSection(SolutionProperties) = preSolution
		HideSolutionNode = FALSE
	EndGlobalSection
	GlobalSection(ExtensibilityGlobals) = postSolution
		SolutionGuid = {EE6E5B32-C19C-41FA-A9F3-C41699C6094F}
	EndGlobalSection
EndGlobal
